
Microsoft Visual Studio Solution File, Format Version 12.00
# Visual Studio Version 17
VisualStudioVersion = 17.1.32210.238
MinimumVisualStudioVersion = 10.0.40219.1
Project("{FAE04EC0-301F-11D3-BF4B-00C04F79EFBC}") = "NumberGuesser", "NumberGuesser.csproj", "{823B3665-80F0-4A13-933E-79D3B1633EB8}"
EndProject
Global
	GlobalSection(SolutionConfigurationPlatforms) = preSolution
		Debug|Any CPU = Debug|Any CPU
		Release|Any CPU = Release|Any CPU
	EndGlobalSection
	GlobalSection(ProjectConfigurationPlatforms) = postSolution
		{823B3665-80F0-4A13-933E-79D3B1633EB8}.Debug|Any CPU.ActiveCfg = Debug|Any CPU
		{823B3665-80F0-4A13-933E-79D3B1633EB8}.Debug|Any CPU.Build.0 = Debug|Any CPU
		{823B3665-80F0-4A13-933E-79D3B1633EB8}.Release|Any CPU.ActiveCfg = Release|Any CPU
		{823B3665-80F0-4A13-933E-79D3B1633EB8}.Release|Any CPU.Build.0 = Release|Any CPU
	EndGlobalSection
	GlobalSection(SolutionProperties) = preSolution
		HideSolutionNode = FALSE
	EndGlobalSection
	GlobalSection(ExtensibilityGlobals) = postSolution
		SolutionGuid = {3C791141-167E-49F9-B257-A1C9621B340B}
	EndGlobalSection
EndGlobal
